
Microsoft Visual Studio Solution File, Format Version 12.00
# Visual Studio Version 16
VisualStudioVersion = 16.0.32630.194
MinimumVisualStudioVersion = 10.0.40219.1
Project("{FAE04EC0-301F-11D3-BF4B-00C04F79EFBC}") = "App2.Android", "App2\App2.Android\App2.Android.csproj", "{49D02C3D-F112-44EB-8BB3-10220813F600}"
EndProject
Project("{FAE04EC0-301F-11D3-BF4B-00C04F79EFBC}") = "App2.iOS", "App2\App2.iOS\App2.iOS.csproj", "{034049B0-8756-4CA9-9301-C3677B20B6A8}"
EndProject
Project("{9A19103F-16F7-4668-BE54-9A1E7A4F7556}") = "App2", "App2\App2\App2.csproj", "{CB85B852-97DE-4D94-AC05-D60BAE5CA26E}"
EndProject
Global
	GlobalSection(SolutionConfigurationPlatforms) = preSolution
		Debug|Any CPU = Debug|Any CPU
		Debug|iPhone = Debug|iPhone
		Debug|iPhoneSimulator = Debug|iPhoneSimulator
		Release|Any CPU = Release|Any CPU
		Release|iPhone = Release|iPhone
		Release|iPhoneSimulator = Release|iPhoneSimulator
	EndGlobalSection
	GlobalSection(ProjectConfigurationPlatforms) = postSolution
		{49D02C3D-F112-44EB-8BB3-10220813F600}.Debug|Any CPU.ActiveCfg = Debug|Any CPU
		{49D02C3D-F112-44EB-8BB3-10220813F600}.Debug|Any CPU.Build.0 = Debug|Any CPU
		{49D02C3D-F112-44EB-8BB3-10220813F600}.Debug|Any CPU.Deploy.0 = Debug|Any CPU
		{49D02C3D-F112-44EB-8BB3-10220813F600}.Debug|iPhone.ActiveCfg = Debug|Any CPU
		{49D02C3D-F112-44EB-8BB3-10220813F600}.Debug|iPhone.Build.0 = Debug|Any CPU
		{49D02C3D-F112-44EB-8BB3-10220813F600}.Debug|iPhone.Deploy.0 = Debug|Any CPU
		{49D02C3D-F112-44EB-8BB3-10220813F600}.Debug|iPhoneSimulator.ActiveCfg = Debug|Any CPU
		{49D02C3D-F112-44EB-8BB3-10220813F600}.Debug|iPhoneSimulator.Build.0 = Debug|Any CPU
		{49D02C3D-F112-44EB-8BB3-10220813F600}.Debug|iPhoneSimulator.Deploy.0 = Debug|Any CPU
		{49D02C3D-F112-44EB-8BB3-10220813F600}.Release|Any CPU.ActiveCfg = Release|Any CPU
		{49D02C3D-F112-44EB-8BB3-10220813F600}.Release|Any CPU.Build.0 = Release|Any CPU
		{49D02C3D-F112-44EB-8BB3-10220813F600}.Release|Any CPU.Deploy.0 = Release|Any CPU
		{49D02C3D-F112-44EB-8BB3-10220813F600}.Release|iPhone.ActiveCfg = Release|Any CPU
		{49D02C3D-F112-44EB-8BB3-10220813F600}.Release|iPhone.Build.0 = Release|Any CPU
		{49D02C3D-F112-44EB-8BB3-10220813F600}.Release|iPhone.Deploy.0 = Release|Any CPU
		{49D02C3D-F112-44EB-8BB3-10220813F600}.Release|iPhoneSimulator.ActiveCfg = Release|Any CPU
		{49D02C3D-F112-44EB-8BB3-10220813F600}.Release|iPhoneSimulator.Build.0 = Release|Any CPU
		{49D02C3D-F112-44EB-8BB3-10220813F600}.Release|iPhoneSimulator.Deploy.0 = Release|Any CPU
		{034049B0-8756-4CA9-9301-C3677B20B6A8}.Debug|Any CPU.ActiveCfg = Debug|iPhone
		{034049B0-8756-4CA9-9301-C3677B20B6A8}.Debug|Any CPU.Build.0 = Debug|iPhone
		{034049B0-8756-4CA9-9301-C3677B20B6A8}.Debug|Any CPU.Deploy.0 = Debug|iPhone
		{034049B0-8756-4CA9-9301-C3677B20B6A8}.Debug|iPhone.ActiveCfg = Debug|iPhone
		{034049B0-8756-4CA9-9301-C3677B20B6A8}.Debug|iPhone.Build.0 = Debug|iPhone
		{034049B0-8756-4CA9-9301-C3677B20B6A8}.Debug|iPhone.Deploy.0 = Debug|iPhone
		{034049B0-8756-4CA9-9301-C3677B20B6A8}.Debug|iPhoneSimulator.ActiveCfg = Debug|iPhoneSimulator
		{034049B0-8756-4CA9-9301-C3677B20B6A8}.Debug|iPhoneSimulator.Build.0 = Debug|iPhoneSimulator
		{034049B0-8756-4CA9-9301-C3677B20B6A8}.Debug|iPhoneSimulator.Deploy.0 = Debug|iPhoneSimulator
		{034049B0-8756-4CA9-9301-C3677B20B6A8}.Release|Any CPU.ActiveCfg = Release|iPhoneSimulator
		{034049B0-8756-4CA9-9301-C3677B20B6A8}.Release|Any CPU.Build.0 = Release|iPhoneSimulator
		{034049B0-8756-4CA9-9301-C3677B20B6A8}.Release|Any CPU.Deploy.0 = Release|iPhoneSimulator
		{034049B0-8756-4CA9-9301-C3677B20B6A8}.Release|iPhone.ActiveCfg = Release|iPhone
		{034049B0-8756-4CA9-9301-C3677B20B6A8}.Release|iPhone.Build.0 = Release|iPhone
		{034049B0-8756-4CA9-9301-C3677B20B6A8}.Release|iPhone.Deploy.0 = Release|iPhone
		{034049B0-8756-4CA9-9301-C3677B20B6A8}.Release|iPhoneSimulator.ActiveCfg = Release|iPhoneSimulator
		{034049B0-8756-4CA9-9301-C3677B20B6A8}.Release|iPhoneSimulator.Build.0 = Release|iPhoneSimulator
		{034049B0-8756-4CA9-9301-C3677B20B6A8}.Release|iPhoneSimulator.Deploy.0 = Release|iPhoneSimulator
		{CB85B852-97DE-4D94-AC05-D60BAE5CA26E}.Debug|Any CPU.ActiveCfg = Debug|Any CPU
		{CB85B852-97DE-4D94-AC05-D60BAE5CA26E}.Debug|Any CPU.Build.0 = Debug|Any CPU
		{CB85B852-97DE-4D94-AC05-D60BAE5CA26E}.Debug|Any CPU.Deploy.0 = Debug|Any CPU
		{CB85B852-97DE-4D94-AC05-D60BAE5CA26E}.Debug|iPhone.ActiveCfg = Debug|Any CPU
		{CB85B852-97DE-4D94-AC05-D60BAE5CA26E}.Debug|iPhone.Build.0 = Debug|Any CPU
		{CB85B852-97DE-4D94-AC05-D60BAE5CA26E}.Debug|iPhone.Deploy.0 = Debug|Any CPU
		{CB85B852-97DE-4D94-AC05-D60BAE5CA26E}.Debug|iPhoneSimulator.ActiveCfg = Debug|Any CPU
		{CB85B852-97DE-4D94-AC05-D60BAE5CA26E}.Debug|iPhoneSimulator.Build.0 = Debug|Any CPU
		{CB85B852-97DE-4D94-AC05-D60BAE5CA26E}.Debug|iPhoneSimulator.Deploy.0 = Debug|Any CPU
		{CB85B852-97DE-4D94-AC05-D60BAE5CA26E}.Release|Any CPU.ActiveCfg = Release|Any CPU
		{CB85B852-97DE-4D94-AC05-D60BAE5CA26E}.Release|Any CPU.Build.0 = Release|Any CPU
		{CB85B852-97DE-4D94-AC05-D60BAE5CA26E}.Release|Any CPU.Deploy.0 = Release|Any CPU
		{CB85B852-97DE-4D94-AC05-D60BAE5CA26E}.Release|iPhone.ActiveCfg = Release|Any CPU
		{CB85B852-97DE-4D94-AC05-D60BAE5CA26E}.Release|iPhone.Build.0 = Release|Any CPU
		{CB85B852-97DE-4D94-AC05-D60BAE5CA26E}.Release|iPhone.Deploy.0 = Release|Any CPU
		{CB85B852-97DE-4D94-AC05-D60BAE5CA26E}.Release|iPhoneSimulator.ActiveCfg = Release|Any CPU
		{CB85B852-97DE-4D94-AC05-D60BAE5CA26E}.Release|iPhoneSimulator.Build.0 = Release|Any CPU
		{CB85B852-97DE-4D94-AC05-D60BAE5CA26E}.Release|iPhoneSimulator.Deploy.0 = Release|Any CPU
	EndGlobalSection
	GlobalSection(SolutionProperties) = preSolution
		HideSolutionNode = FALSE
	EndGlobalSection
	GlobalSection(ExtensibilityGlobals) = postSolution
		SolutionGuid = {4C2CBCAC-DA3B-4057-AA25-DF6F3523B356}
	EndGlobalSection
EndGlobal
